
Microsoft Visual Studio Solution File, Format Version 12.00
# Visual Studio Version 17
VisualStudioVersion = 17.5.33530.505
MinimumVisualStudioVersion = 10.0.40219.1
Project("{FAE04EC0-301F-11D3-BF4B-00C04F79EFBC}") = "BackEndApp", "BackEndApp\BackEndApp.csproj", "{EE10D8C5-81E0-4AA7-8A2D-EA49D5581CBB}"
EndProject
Global
	GlobalSection(SolutionConfigurationPlatforms) = preSolution
		Debug|Any CPU = Debug|Any CPU
		Release|Any CPU = Release|Any CPU
	EndGlobalSection
	GlobalSection(ProjectConfigurationPlatforms) = postSolution
		{EE10D8C5-81E0-4AA7-8A2D-EA49D5581CBB}.Debug|Any CPU.ActiveCfg = Debug|Any CPU
		{EE10D8C5-81E0-4AA7-8A2D-EA49D5581CBB}.Debug|Any CPU.Build.0 = Debug|Any CPU
		{EE10D8C5-81E0-4AA7-8A2D-EA49D5581CBB}.Release|Any CPU.ActiveCfg = Release|Any CPU
		{EE10D8C5-81E0-4AA7-8A2D-EA49D5581CBB}.Release|Any CPU.Build.0 = Release|Any CPU
	EndGlobalSection
	GlobalSection(SolutionProperties) = preSolution
		HideSolutionNode = FALSE
	EndGlobalSection
	GlobalSection(ExtensibilityGlobals) = postSolution
		SolutionGuid = {8B0197B3-751D-4494-8602-5626BDA127F8}
	EndGlobalSection
EndGlobal
